// !$*UTF8*$!
{
	archiveVersion = 1;
	classes = {
	};
	objectVersion = 56;
	objects = {

/* Begin PBXBuildFile section */
		AC0DF4442B5AA707007A284C /* autostopApp.swift in Sources */ = {isa = PBXBuildFile; fileRef = AC0DF4432B5AA707007A284C /* autostopApp.swift */; };
		AC0DF4462B5AA707007A284C /* ContentView.swift in Sources */ = {isa = PBXBuildFile; fileRef = AC0DF4452B5AA707007A284C /* ContentView.swift */; };
		AC0DF4482B5AA712007A284C /* Assets.xcassets in Resources */ = {isa = PBXBuildFile; fileRef = AC0DF4472B5AA712007A284C /* Assets.xcassets */; };
		AC0DF44B2B5AA712007A284C /* Preview Assets.xcassets in Resources */ = {isa = PBXBuildFile; fileRef = AC0DF44A2B5AA712007A284C /* Preview Assets.xcassets */; };
		AC0DF4552B5AA712007A284C /* autostopTests.swift in Sources */ = {isa = PBXBuildFile; fileRef = AC0DF4542B5AA712007A284C /* autostopTests.swift */; };
		AC0DF45F2B5AA712007A284C /* autostopUITests.swift in Sources */ = {isa = PBXBuildFile; fileRef = AC0DF45E2B5AA712007A284C /* autostopUITests.swift */; };
		AC0DF4612B5AA712007A284C /* autostopUITestsLaunchTests.swift in Sources */ = {isa = PBXBuildFile; fileRef = AC0DF4602B5AA712007A284C /* autostopUITestsLaunchTests.swift */; };
		AC0DF4672B5AA712007A284C /* autostop Watch App.app in Embed Watch Content */ = {isa = PBXBuildFile; fileRef = AC0DF4662B5AA712007A284C /* autostop Watch App.app */; settings = {ATTRIBUTES = (RemoveHeadersOnCopy, ); }; };
		AC0DF46C2B5AA712007A284C /* autostopApp.swift in Sources */ = {isa = PBXBuildFile; fileRef = AC0DF46B2B5AA712007A284C /* autostopApp.swift */; };
		AC0DF46E2B5AA712007A284C /* ContentView.swift in Sources */ = {isa = PBXBuildFile; fileRef = AC0DF46D2B5AA712007A284C /* ContentView.swift */; };
		AC0DF4702B5AA713007A284C /* Assets.xcassets in Resources */ = {isa = PBXBuildFile; fileRef = AC0DF46F2B5AA713007A284C /* Assets.xcassets */; };
		AC0DF4732B5AA713007A284C /* Preview Assets.xcassets in Resources */ = {isa = PBXBuildFile; fileRef = AC0DF4722B5AA713007A284C /* Preview Assets.xcassets */; };
		AC0DF47D2B5AA713007A284C /* autostop_Watch_AppTests.swift in Sources */ = {isa = PBXBuildFile; fileRef = AC0DF47C2B5AA713007A284C /* autostop_Watch_AppTests.swift */; };
		AC0DF4872B5AA713007A284C /* autostop_Watch_AppUITests.swift in Sources */ = {isa = PBXBuildFile; fileRef = AC0DF4862B5AA713007A284C /* autostop_Watch_AppUITests.swift */; };
		AC0DF4892B5AA713007A284C /* autostop_Watch_AppUITestsLaunchTests.swift in Sources */ = {isa = PBXBuildFile; fileRef = AC0DF4882B5AA713007A284C /* autostop_Watch_AppUITestsLaunchTests.swift */; };
		AC0DF4A22B5AA7D1007A284C /* AudioManager.swift in Sources */ = {isa = PBXBuildFile; fileRef = AC0DF4A12B5AA7D1007A284C /* AudioManager.swift */; };
		AC0DF4A42B5AA95C007A284C /* WatchSyncService.swift in Sources */ = {isa = PBXBuildFile; fileRef = AC0DF4A32B5AA95C007A284C /* WatchSyncService.swift */; };
		AC0DF4A62B5AAB7B007A284C /* HeathKitManager.swift in Sources */ = {isa = PBXBuildFile; fileRef = AC0DF4A52B5AAB7B007A284C /* HeathKitManager.swift */; };
		AC0DF4A72B5AAB84007A284C /* WatchSyncService.swift in Sources */ = {isa = PBXBuildFile; fileRef = AC0DF4A32B5AA95C007A284C /* WatchSyncService.swift */; };
		AC0DF4A82B5AABC2007A284C /* ContentViewModel.swift in Sources */ = {isa = PBXBuildFile; fileRef = AC0DF49F2B5AA7A4007A284C /* ContentViewModel.swift */; };
		AC0DF4AA2B5AACF8007A284C /* Logger.swift in Sources */ = {isa = PBXBuildFile; fileRef = AC0DF4A92B5AACF7007A284C /* Logger.swift */; };
		AC0DF4AB2B5AACF8007A284C /* Logger.swift in Sources */ = {isa = PBXBuildFile; fileRef = AC0DF4A92B5AACF7007A284C /* Logger.swift */; };
		AC0DF4AD2B5AAD33007A284C /* ContentViewModel.swift in Sources */ = {isa = PBXBuildFile; fileRef = AC0DF4AC2B5AAD33007A284C /* ContentViewModel.swift */; };
		AC0DF4AF2B5AAFD0007A284C /* WatchSyncKey.swift in Sources */ = {isa = PBXBuildFile; fileRef = AC0DF4AE2B5AAFD0007A284C /* WatchSyncKey.swift */; };
		AC0DF4B02B5AAFD0007A284C /* WatchSyncKey.swift in Sources */ = {isa = PBXBuildFile; fileRef = AC0DF4AE2B5AAFD0007A284C /* WatchSyncKey.swift */; };
/* End PBXBuildFile section */

/* Begin PBXContainerItemProxy section */
		AC0DF4512B5AA712007A284C /* PBXContainerItemProxy */ = {
			isa = PBXContainerItemProxy;
			containerPortal = AC0DF4382B5AA707007A284C /* Project object */;
			proxyType = 1;
			remoteGlobalIDString = AC0DF43F2B5AA707007A284C;
			remoteInfo = autostop;
		};
		AC0DF45B2B5AA712007A284C /* PBXContainerItemProxy */ = {
			isa = PBXContainerItemProxy;
			containerPortal = AC0DF4382B5AA707007A284C /* Project object */;
			proxyType = 1;
			remoteGlobalIDString = AC0DF43F2B5AA707007A284C;
			remoteInfo = autostop;
		};
		AC0DF4682B5AA712007A284C /* PBXContainerItemProxy */ = {
			isa = PBXContainerItemProxy;
			containerPortal = AC0DF4382B5AA707007A284C /* Project object */;
			proxyType = 1;
			remoteGlobalIDString = AC0DF4652B5AA712007A284C;
			remoteInfo = "autostop Watch App";
		};
		AC0DF4792B5AA713007A284C /* PBXContainerItemProxy */ = {
			isa = PBXContainerItemProxy;
			containerPortal = AC0DF4382B5AA707007A284C /* Project object */;
			proxyType = 1;
			remoteGlobalIDString = AC0DF4652B5AA712007A284C;
			remoteInfo = "autostop Watch App";
		};
		AC0DF4832B5AA713007A284C /* PBXContainerItemProxy */ = {
			isa = PBXContainerItemProxy;
			containerPortal = AC0DF4382B5AA707007A284C /* Project object */;
			proxyType = 1;
			remoteGlobalIDString = AC0DF4652B5AA712007A284C;
			remoteInfo = "autostop Watch App";
		};
/* End PBXContainerItemProxy section */

/* Begin PBXCopyFilesBuildPhase section */
		AC0DF48F2B5AA713007A284C /* Embed Watch Content */ = {
			isa = PBXCopyFilesBuildPhase;
			buildActionMask = 2147483647;
			dstPath = "$(CONTENTS_FOLDER_PATH)/Watch";
			dstSubfolderSpec = 16;
			files = (
				AC0DF4672B5AA712007A284C /* autostop Watch App.app in Embed Watch Content */,
			);
			name = "Embed Watch Content";
			runOnlyForDeploymentPostprocessing = 0;
		};
/* End PBXCopyFilesBuildPhase section */

/* Begin PBXFileReference section */
		AC0DF4402B5AA707007A284C /* autostop.app */ = {isa = PBXFileReference; explicitFileType = wrapper.application; includeInIndex = 0; path = autostop.app; sourceTree = BUILT_PRODUCTS_DIR; };
		AC0DF4432B5AA707007A284C /* autostopApp.swift */ = {isa = PBXFileReference; lastKnownFileType = sourcecode.swift; path = autostopApp.swift; sourceTree = "<group>"; };
		AC0DF4452B5AA707007A284C /* ContentView.swift */ = {isa = PBXFileReference; lastKnownFileType = sourcecode.swift; path = ContentView.swift; sourceTree = "<group>"; };
		AC0DF4472B5AA712007A284C /* Assets.xcassets */ = {isa = PBXFileReference; lastKnownFileType = folder.assetcatalog; path = Assets.xcassets; sourceTree = "<group>"; };
		AC0DF44A2B5AA712007A284C /* Preview Assets.xcassets */ = {isa = PBXFileReference; lastKnownFileType = folder.assetcatalog; path = "Preview Assets.xcassets"; sourceTree = "<group>"; };
		AC0DF4502B5AA712007A284C /* autostopTests.xctest */ = {isa = PBXFileReference; explicitFileType = wrapper.cfbundle; includeInIndex = 0; path = autostopTests.xctest; sourceTree = BUILT_PRODUCTS_DIR; };
		AC0DF4542B5AA712007A284C /* autostopTests.swift */ = {isa = PBXFileReference; lastKnownFileType = sourcecode.swift; path = autostopTests.swift; sourceTree = "<group>"; };
		AC0DF45A2B5AA712007A284C /* autostopUITests.xctest */ = {isa = PBXFileReference; explicitFileType = wrapper.cfbundle; includeInIndex = 0; path = autostopUITests.xctest; sourceTree = BUILT_PRODUCTS_DIR; };
		AC0DF45E2B5AA712007A284C /* autostopUITests.swift */ = {isa = PBXFileReference; lastKnownFileType = sourcecode.swift; path = autostopUITests.swift; sourceTree = "<group>"; };
		AC0DF4602B5AA712007A284C /* autostopUITestsLaunchTests.swift */ = {isa = PBXFileReference; lastKnownFileType = sourcecode.swift; path = autostopUITestsLaunchTests.swift; sourceTree = "<group>"; };
		AC0DF4662B5AA712007A284C /* autostop Watch App.app */ = {isa = PBXFileReference; explicitFileType = wrapper.application; includeInIndex = 0; path = "autostop Watch App.app"; sourceTree = BUILT_PRODUCTS_DIR; };
		AC0DF46B2B5AA712007A284C /* autostopApp.swift */ = {isa = PBXFileReference; lastKnownFileType = sourcecode.swift; path = autostopApp.swift; sourceTree = "<group>"; };
		AC0DF46D2B5AA712007A284C /* ContentView.swift */ = {isa = PBXFileReference; lastKnownFileType = sourcecode.swift; path = ContentView.swift; sourceTree = "<group>"; };
		AC0DF46F2B5AA713007A284C /* Assets.xcassets */ = {isa = PBXFileReference; lastKnownFileType = folder.assetcatalog; path = Assets.xcassets; sourceTree = "<group>"; };
		AC0DF4722B5AA713007A284C /* Preview Assets.xcassets */ = {isa = PBXFileReference; lastKnownFileType = folder.assetcatalog; path = "Preview Assets.xcassets"; sourceTree = "<group>"; };
		AC0DF4782B5AA713007A284C /* autostop Watch AppTests.xctest */ = {isa = PBXFileReference; explicitFileType = wrapper.cfbundle; includeInIndex = 0; path = "autostop Watch AppTests.xctest"; sourceTree = BUILT_PRODUCTS_DIR; };
		AC0DF47C2B5AA713007A284C /* autostop_Watch_AppTests.swift */ = {isa = PBXFileReference; lastKnownFileType = sourcecode.swift; path = autostop_Watch_AppTests.swift; sourceTree = "<group>"; };
		AC0DF4822B5AA713007A284C /* autostop Watch AppUITests.xctest */ = {isa = PBXFileReference; explicitFileType = wrapper.cfbundle; includeInIndex = 0; path = "autostop Watch AppUITests.xctest"; sourceTree = BUILT_PRODUCTS_DIR; };
		AC0DF4862B5AA713007A284C /* autostop_Watch_AppUITests.swift */ = {isa = PBXFileReference; lastKnownFileType = sourcecode.swift; path = autostop_Watch_AppUITests.swift; sourceTree = "<group>"; };
		AC0DF4882B5AA713007A284C /* autostop_Watch_AppUITestsLaunchTests.swift */ = {isa = PBXFileReference; lastKnownFileType = sourcecode.swift; path = autostop_Watch_AppUITestsLaunchTests.swift; sourceTree = "<group>"; };
		AC0DF49F2B5AA7A4007A284C /* ContentViewModel.swift */ = {isa = PBXFileReference; fileEncoding = 4; lastKnownFileType = sourcecode.swift; path = ContentViewModel.swift; sourceTree = "<group>"; };
		AC0DF4A12B5AA7D1007A284C /* AudioManager.swift */ = {isa = PBXFileReference; fileEncoding = 4; lastKnownFileType = sourcecode.swift; path = AudioManager.swift; sourceTree = "<group>"; };
		AC0DF4A32B5AA95C007A284C /* WatchSyncService.swift */ = {isa = PBXFileReference; lastKnownFileType = sourcecode.swift; path = WatchSyncService.swift; sourceTree = "<group>"; };
		AC0DF4A52B5AAB7B007A284C /* HeathKitManager.swift */ = {isa = PBXFileReference; fileEncoding = 4; lastKnownFileType = sourcecode.swift; path = HeathKitManager.swift; sourceTree = "<group>"; };
		AC0DF4A92B5AACF7007A284C /* Logger.swift */ = {isa = PBXFileReference; fileEncoding = 4; lastKnownFileType = sourcecode.swift; path = Logger.swift; sourceTree = "<group>"; };
		AC0DF4AC2B5AAD33007A284C /* ContentViewModel.swift */ = {isa = PBXFileReference; lastKnownFileType = sourcecode.swift; path = ContentViewModel.swift; sourceTree = "<group>"; };
		AC0DF4AE2B5AAFD0007A284C /* WatchSyncKey.swift */ = {isa = PBXFileReference; lastKnownFileType = sourcecode.swift; path = WatchSyncKey.swift; sourceTree = "<group>"; };
		AC0DF4B12B5ABB8F007A284C /* autostop.entitlements */ = {isa = PBXFileReference; lastKnownFileType = text.plist.entitlements; path = autostop.entitlements; sourceTree = "<group>"; };
/* End PBXFileReference section */

/* Begin PBXFrameworksBuildPhase section */
		AC0DF43D2B5AA707007A284C /* Frameworks */ = {
			isa = PBXFrameworksBuildPhase;
			buildActionMask = 2147483647;
			files = (
			);
			runOnlyForDeploymentPostprocessing = 0;
		};
		AC0DF44D2B5AA712007A284C /* Frameworks */ = {
			isa = PBXFrameworksBuildPhase;
			buildActionMask = 2147483647;
			files = (
			);
			runOnlyForDeploymentPostprocessing = 0;
		};
		AC0DF4572B5AA712007A284C /* Frameworks */ = {
			isa = PBXFrameworksBuildPhase;
			buildActionMask = 2147483647;
			files = (
			);
			runOnlyForDeploymentPostprocessing = 0;
		};
		AC0DF4632B5AA712007A284C /* Frameworks */ = {
			isa = PBXFrameworksBuildPhase;
			buildActionMask = 2147483647;
			files = (
			);
			runOnlyForDeploymentPostprocessing = 0;
		};
		AC0DF4752B5AA713007A284C /* Frameworks */ = {
			isa = PBXFrameworksBuildPhase;
			buildActionMask = 2147483647;
			files = (
			);
			runOnlyForDeploymentPostprocessing = 0;
		};
		AC0DF47F2B5AA713007A284C /* Frameworks */ = {
			isa = PBXFrameworksBuildPhase;
			buildActionMask = 2147483647;
			files = (
			);
			runOnlyForDeploymentPostprocessing = 0;
		};
/* End PBXFrameworksBuildPhase section */

/* Begin PBXGroup section */
		AC0DF4372B5AA707007A284C = {
			isa = PBXGroup;
			children = (
				AC0DF4422B5AA707007A284C /* autostop */,
				AC0DF4532B5AA712007A284C /* autostopTests */,
				AC0DF45D2B5AA712007A284C /* autostopUITests */,
				AC0DF46A2B5AA712007A284C /* autostop Watch App */,
				AC0DF47B2B5AA713007A284C /* autostop Watch AppTests */,
				AC0DF4852B5AA713007A284C /* autostop Watch AppUITests */,
				AC0DF4412B5AA707007A284C /* Products */,
			);
			sourceTree = "<group>";
		};
		AC0DF4412B5AA707007A284C /* Products */ = {
			isa = PBXGroup;
			children = (
				AC0DF4402B5AA707007A284C /* autostop.app */,
				AC0DF4502B5AA712007A284C /* autostopTests.xctest */,
				AC0DF45A2B5AA712007A284C /* autostopUITests.xctest */,
				AC0DF4662B5AA712007A284C /* autostop Watch App.app */,
				AC0DF4782B5AA713007A284C /* autostop Watch AppTests.xctest */,
				AC0DF4822B5AA713007A284C /* autostop Watch AppUITests.xctest */,
			);
			name = Products;
			sourceTree = "<group>";
		};
		AC0DF4422B5AA707007A284C /* autostop */ = {
			isa = PBXGroup;
			children = (
				AC0DF4B12B5ABB8F007A284C /* autostop.entitlements */,
				AC0DF4A52B5AAB7B007A284C /* HeathKitManager.swift */,
				AC0DF4432B5AA707007A284C /* autostopApp.swift */,
				AC0DF49F2B5AA7A4007A284C /* ContentViewModel.swift */,
				AC0DF4452B5AA707007A284C /* ContentView.swift */,
				AC0DF4A12B5AA7D1007A284C /* AudioManager.swift */,
				AC0DF4A92B5AACF7007A284C /* Logger.swift */,
				AC0DF4472B5AA712007A284C /* Assets.xcassets */,
				AC0DF4492B5AA712007A284C /* Preview Content */,
				AC0DF4A32B5AA95C007A284C /* WatchSyncService.swift */,
				AC0DF4AE2B5AAFD0007A284C /* WatchSyncKey.swift */,
			);
			path = autostop;
			sourceTree = "<group>";
		};
		AC0DF4492B5AA712007A284C /* Preview Content */ = {
			isa = PBXGroup;
			children = (
				AC0DF44A2B5AA712007A284C /* Preview Assets.xcassets */,
			);
			path = "Preview Content";
			sourceTree = "<group>";
		};
		AC0DF4532B5AA712007A284C /* autostopTests */ = {
			isa = PBXGroup;
			children = (
				AC0DF4542B5AA712007A284C /* autostopTests.swift */,
			);
			path = autostopTests;
			sourceTree = "<group>";
		};
		AC0DF45D2B5AA712007A284C /* autostopUITests */ = {
			isa = PBXGroup;
			children = (
				AC0DF45E2B5AA712007A284C /* autostopUITests.swift */,
				AC0DF4602B5AA712007A284C /* autostopUITestsLaunchTests.swift */,
			);
			path = autostopUITests;
			sourceTree = "<group>";
		};
		AC0DF46A2B5AA712007A284C /* autostop Watch App */ = {
			isa = PBXGroup;
			children = (
				AC0DF46B2B5AA712007A284C /* autostopApp.swift */,
				AC0DF46D2B5AA712007A284C /* ContentView.swift */,
				AC0DF46F2B5AA713007A284C /* Assets.xcassets */,
				AC0DF4712B5AA713007A284C /* Preview Content */,
				AC0DF4AC2B5AAD33007A284C /* ContentViewModel.swift */,
			);
			path = "autostop Watch App";
			sourceTree = "<group>";
		};
		AC0DF4712B5AA713007A284C /* Preview Content */ = {
			isa = PBXGroup;
			children = (
				AC0DF4722B5AA713007A284C /* Preview Assets.xcassets */,
			);
			path = "Preview Content";
			sourceTree = "<group>";
		};
		AC0DF47B2B5AA713007A284C /* autostop Watch AppTests */ = {
			isa = PBXGroup;
			children = (
				AC0DF47C2B5AA713007A284C /* autostop_Watch_AppTests.swift */,
			);
			path = "autostop Watch AppTests";
			sourceTree = "<group>";
		};
		AC0DF4852B5AA713007A284C /* autostop Watch AppUITests */ = {
			isa = PBXGroup;
			children = (
				AC0DF4862B5AA713007A284C /* autostop_Watch_AppUITests.swift */,
				AC0DF4882B5AA713007A284C /* autostop_Watch_AppUITestsLaunchTests.swift */,
			);
			path = "autostop Watch AppUITests";
			sourceTree = "<group>";
		};
/* End PBXGroup section */

/* Begin PBXNativeTarget section */
		AC0DF43F2B5AA707007A284C /* autostop */ = {
			isa = PBXNativeTarget;
			buildConfigurationList = AC0DF4902B5AA713007A284C /* Build configuration list for PBXNativeTarget "autostop" */;
			buildPhases = (
				AC0DF43C2B5AA707007A284C /* Sources */,
				AC0DF43D2B5AA707007A284C /* Frameworks */,
				AC0DF43E2B5AA707007A284C /* Resources */,
				AC0DF48F2B5AA713007A284C /* Embed Watch Content */,
			);
			buildRules = (
			);
			dependencies = (
				AC0DF4692B5AA712007A284C /* PBXTargetDependency */,
			);
			name = autostop;
			productName = autostop;
			productReference = AC0DF4402B5AA707007A284C /* autostop.app */;
			productType = "com.apple.product-type.application";
		};
		AC0DF44F2B5AA712007A284C /* autostopTests */ = {
			isa = PBXNativeTarget;
			buildConfigurationList = AC0DF4932B5AA713007A284C /* Build configuration list for PBXNativeTarget "autostopTests" */;
			buildPhases = (
				AC0DF44C2B5AA712007A284C /* Sources */,
				AC0DF44D2B5AA712007A284C /* Frameworks */,
				AC0DF44E2B5AA712007A284C /* Resources */,
			);
			buildRules = (
			);
			dependencies = (
				AC0DF4522B5AA712007A284C /* PBXTargetDependency */,
			);
			name = autostopTests;
			productName = autostopTests;
			productReference = AC0DF4502B5AA712007A284C /* autostopTests.xctest */;
			productType = "com.apple.product-type.bundle.unit-test";
		};
		AC0DF4592B5AA712007A284C /* autostopUITests */ = {
			isa = PBXNativeTarget;
			buildConfigurationList = AC0DF4962B5AA713007A284C /* Build configuration list for PBXNativeTarget "autostopUITests" */;
			buildPhases = (
				AC0DF4562B5AA712007A284C /* Sources */,
				AC0DF4572B5AA712007A284C /* Frameworks */,
				AC0DF4582B5AA712007A284C /* Resources */,
			);
			buildRules = (
			);
			dependencies = (
				AC0DF45C2B5AA712007A284C /* PBXTargetDependency */,
			);
			name = autostopUITests;
			productName = autostopUITests;
			productReference = AC0DF45A2B5AA712007A284C /* autostopUITests.xctest */;
			productType = "com.apple.product-type.bundle.ui-testing";
		};
		AC0DF4652B5AA712007A284C /* autostop Watch App */ = {
			isa = PBXNativeTarget;
			buildConfigurationList = AC0DF48C2B5AA713007A284C /* Build configuration list for PBXNativeTarget "autostop Watch App" */;
			buildPhases = (
				AC0DF4622B5AA712007A284C /* Sources */,
				AC0DF4632B5AA712007A284C /* Frameworks */,
				AC0DF4642B5AA712007A284C /* Resources */,
			);
			buildRules = (
			);
			dependencies = (
			);
			name = "autostop Watch App";
			productName = "autostop Watch App";
			productReference = AC0DF4662B5AA712007A284C /* autostop Watch App.app */;
			productType = "com.apple.product-type.application";
		};
		AC0DF4772B5AA713007A284C /* autostop Watch AppTests */ = {
			isa = PBXNativeTarget;
			buildConfigurationList = AC0DF4992B5AA713007A284C /* Build configuration list for PBXNativeTarget "autostop Watch AppTests" */;
			buildPhases = (
				AC0DF4742B5AA713007A284C /* Sources */,
				AC0DF4752B5AA713007A284C /* Frameworks */,
				AC0DF4762B5AA713007A284C /* Resources */,
			);
			buildRules = (
			);
			dependencies = (
				AC0DF47A2B5AA713007A284C /* PBXTargetDependency */,
			);
			name = "autostop Watch AppTests";
			productName = "autostop Watch AppTests";
			productReference = AC0DF4782B5AA713007A284C /* autostop Watch AppTests.xctest */;
			productType = "com.apple.product-type.bundle.unit-test";
		};
		AC0DF4812B5AA713007A284C /* autostop Watch AppUITests */ = {
			isa = PBXNativeTarget;
			buildConfigurationList = AC0DF49C2B5AA713007A284C /* Build configuration list for PBXNativeTarget "autostop Watch AppUITests" */;
			buildPhases = (
				AC0DF47E2B5AA713007A284C /* Sources */,
				AC0DF47F2B5AA713007A284C /* Frameworks */,
				AC0DF4802B5AA713007A284C /* Resources */,
			);
			buildRules = (
			);
			dependencies = (
				AC0DF4842B5AA713007A284C /* PBXTargetDependency */,
			);
			name = "autostop Watch AppUITests";
			productName = "autostop Watch AppUITests";
			productReference = AC0DF4822B5AA713007A284C /* autostop Watch AppUITests.xctest */;
			productType = "com.apple.product-type.bundle.ui-testing";
		};
/* End PBXNativeTarget section */

/* Begin PBXProject section */
		AC0DF4382B5AA707007A284C /* Project object */ = {
			isa = PBXProject;
			attributes = {
				BuildIndependentTargetsInParallel = 1;
				LastSwiftUpdateCheck = 1510;
				LastUpgradeCheck = 1510;
				TargetAttributes = {
					AC0DF43F2B5AA707007A284C = {
						CreatedOnToolsVersion = 15.1;
					};
					AC0DF44F2B5AA712007A284C = {
						CreatedOnToolsVersion = 15.1;
						TestTargetID = AC0DF43F2B5AA707007A284C;
					};
					AC0DF4592B5AA712007A284C = {
						CreatedOnToolsVersion = 15.1;
						TestTargetID = AC0DF43F2B5AA707007A284C;
					};
					AC0DF4652B5AA712007A284C = {
						CreatedOnToolsVersion = 15.1;
					};
					AC0DF4772B5AA713007A284C = {
						CreatedOnToolsVersion = 15.1;
						TestTargetID = AC0DF4652B5AA712007A284C;
					};
					AC0DF4812B5AA713007A284C = {
						CreatedOnToolsVersion = 15.1;
						TestTargetID = AC0DF4652B5AA712007A284C;
					};
				};
			};
			buildConfigurationList = AC0DF43B2B5AA707007A284C /* Build configuration list for PBXProject "autostop" */;
			compatibilityVersion = "Xcode 14.0";
			developmentRegion = en;
			hasScannedForEncodings = 0;
			knownRegions = (
				en,
				Base,
			);
			mainGroup = AC0DF4372B5AA707007A284C;
			productRefGroup = AC0DF4412B5AA707007A284C /* Products */;
			projectDirPath = "";
			projectRoot = "";
			targets = (
				AC0DF43F2B5AA707007A284C /* autostop */,
				AC0DF44F2B5AA712007A284C /* autostopTests */,
				AC0DF4592B5AA712007A284C /* autostopUITests */,
				AC0DF4652B5AA712007A284C /* autostop Watch App */,
				AC0DF4772B5AA713007A284C /* autostop Watch AppTests */,
				AC0DF4812B5AA713007A284C /* autostop Watch AppUITests */,
			);
		};
/* End PBXProject section */

/* Begin PBXResourcesBuildPhase section */
		AC0DF43E2B5AA707007A284C /* Resources */ = {
			isa = PBXResourcesBuildPhase;
			buildActionMask = 2147483647;
			files = (
				AC0DF44B2B5AA712007A284C /* Preview Assets.xcassets in Resources */,
				AC0DF4482B5AA712007A284C /* Assets.xcassets in Resources */,
			);
			runOnlyForDeploymentPostprocessing = 0;
		};
		AC0DF44E2B5AA712007A284C /* Resources */ = {
			isa = PBXResourcesBuildPhase;
			buildActionMask = 2147483647;
			files = (
			);
			runOnlyForDeploymentPostprocessing = 0;
		};
		AC0DF4582B5AA712007A284C /* Resources */ = {
			isa = PBXResourcesBuildPhase;
			buildActionMask = 2147483647;
			files = (
			);
			runOnlyForDeploymentPostprocessing = 0;
		};
		AC0DF4642B5AA712007A284C /* Resources */ = {
			isa = PBXResourcesBuildPhase;
			buildActionMask = 2147483647;
			files = (
				AC0DF4732B5AA713007A284C /* Preview Assets.xcassets in Resources */,
				AC0DF4702B5AA713007A284C /* Assets.xcassets in Resources */,
			);
			runOnlyForDeploymentPostprocessing = 0;
		};
		AC0DF4762B5AA713007A284C /* Resources */ = {
			isa = PBXResourcesBuildPhase;
			buildActionMask = 2147483647;
			files = (
			);
			runOnlyForDeploymentPostprocessing = 0;
		};
		AC0DF4802B5AA713007A284C /* Resources */ = {
			isa = PBXResourcesBuildPhase;
			buildActionMask = 2147483647;
			files = (
			);
			runOnlyForDeploymentPostprocessing = 0;
		};
/* End PBXResourcesBuildPhase section */

/* Begin PBXSourcesBuildPhase section */
		AC0DF43C2B5AA707007A284C /* Sources */ = {
			isa = PBXSourcesBuildPhase;
			buildActionMask = 2147483647;
			files = (
				AC0DF4A62B5AAB7B007A284C /* HeathKitManager.swift in Sources */,
				AC0DF4A22B5AA7D1007A284C /* AudioManager.swift in Sources */,
				AC0DF4AF2B5AAFD0007A284C /* WatchSyncKey.swift in Sources */,
				AC0DF4A82B5AABC2007A284C /* ContentViewModel.swift in Sources */,
				AC0DF4462B5AA707007A284C /* ContentView.swift in Sources */,
				AC0DF4AA2B5AACF8007A284C /* Logger.swift in Sources */,
				AC0DF4A42B5AA95C007A284C /* WatchSyncService.swift in Sources */,
				AC0DF4442B5AA707007A284C /* autostopApp.swift in Sources */,
			);
			runOnlyForDeploymentPostprocessing = 0;
		};
		AC0DF44C2B5AA712007A284C /* Sources */ = {
			isa = PBXSourcesBuildPhase;
			buildActionMask = 2147483647;
			files = (
				AC0DF4552B5AA712007A284C /* autostopTests.swift in Sources */,
			);
			runOnlyForDeploymentPostprocessing = 0;
		};
		AC0DF4562B5AA712007A284C /* Sources */ = {
			isa = PBXSourcesBuildPhase;
			buildActionMask = 2147483647;
			files = (
				AC0DF4612B5AA712007A284C /* autostopUITestsLaunchTests.swift in Sources */,
				AC0DF45F2B5AA712007A284C /* autostopUITests.swift in Sources */,
			);
			runOnlyForDeploymentPostprocessing = 0;
		};
		AC0DF4622B5AA712007A284C /* Sources */ = {
			isa = PBXSourcesBuildPhase;
			buildActionMask = 2147483647;
			files = (
				AC0DF46E2B5AA712007A284C /* ContentView.swift in Sources */,
				AC0DF46C2B5AA712007A284C /* autostopApp.swift in Sources */,
				AC0DF4B02B5AAFD0007A284C /* WatchSyncKey.swift in Sources */,
				AC0DF4A72B5AAB84007A284C /* WatchSyncService.swift in Sources */,
				AC0DF4AB2B5AACF8007A284C /* Logger.swift in Sources */,
				AC0DF4AD2B5AAD33007A284C /* ContentViewModel.swift in Sources */,
			);
			runOnlyForDeploymentPostprocessing = 0;
		};
		AC0DF4742B5AA713007A284C /* Sources */ = {
			isa = PBXSourcesBuildPhase;
			buildActionMask = 2147483647;
			files = (
				AC0DF47D2B5AA713007A284C /* autostop_Watch_AppTests.swift in Sources */,
			);
			runOnlyForDeploymentPostprocessing = 0;
		};
		AC0DF47E2B5AA713007A284C /* Sources */ = {
			isa = PBXSourcesBuildPhase;
			buildActionMask = 2147483647;
			files = (
				AC0DF4872B5AA713007A284C /* autostop_Watch_AppUITests.swift in Sources */,
				AC0DF4892B5AA713007A284C /* autostop_Watch_AppUITestsLaunchTests.swift in Sources */,
			);
			runOnlyForDeploymentPostprocessing = 0;
		};
/* End PBXSourcesBuildPhase section */

/* Begin PBXTargetDependency section */
		AC0DF4522B5AA712007A284C /* PBXTargetDependency */ = {
			isa = PBXTargetDependency;
			target = AC0DF43F2B5AA707007A284C /* autostop */;
			targetProxy = AC0DF4512B5AA712007A284C /* PBXContainerItemProxy */;
		};
		AC0DF45C2B5AA712007A284C /* PBXTargetDependency */ = {
			isa = PBXTargetDependency;
			target = AC0DF43F2B5AA707007A284C /* autostop */;
			targetProxy = AC0DF45B2B5AA712007A284C /* PBXContainerItemProxy */;
		};
		AC0DF4692B5AA712007A284C /* PBXTargetDependency */ = {
			isa = PBXTargetDependency;
			target = AC0DF4652B5AA712007A284C /* autostop Watch App */;
			targetProxy = AC0DF4682B5AA712007A284C /* PBXContainerItemProxy */;
		};
		AC0DF47A2B5AA713007A284C /* PBXTargetDependency */ = {
			isa = PBXTargetDependency;
			target = AC0DF4652B5AA712007A284C /* autostop Watch App */;
			targetProxy = AC0DF4792B5AA713007A284C /* PBXContainerItemProxy */;
		};
		AC0DF4842B5AA713007A284C /* PBXTargetDependency */ = {
			isa = PBXTargetDependency;
			target = AC0DF4652B5AA712007A284C /* autostop Watch App */;
			targetProxy = AC0DF4832B5AA713007A284C /* PBXContainerItemProxy */;
		};
/* End PBXTargetDependency section */

/* Begin XCBuildConfiguration section */
		AC0DF48A2B5AA713007A284C /* Debug */ = {
			isa = XCBuildConfiguration;
			buildSettings = {
				ALWAYS_SEARCH_USER_PATHS = NO;
				ASSETCATALOG_COMPILER_GENERATE_SWIFT_ASSET_SYMBOL_EXTENSIONS = YES;
				CLANG_ANALYZER_NONNULL = YES;
				CLANG_ANALYZER_NUMBER_OBJECT_CONVERSION = YES_AGGRESSIVE;
				CLANG_CXX_LANGUAGE_STANDARD = "gnu++20";
				CLANG_ENABLE_MODULES = YES;
				CLANG_ENABLE_OBJC_ARC = YES;
				CLANG_ENABLE_OBJC_WEAK = YES;
				CLANG_WARN_BLOCK_CAPTURE_AUTORELEASING = YES;
				CLANG_WARN_BOOL_CONVERSION = YES;
				CLANG_WARN_COMMA = YES;
				CLANG_WARN_CONSTANT_CONVERSION = YES;
				CLANG_WARN_DEPRECATED_OBJC_IMPLEMENTATIONS = YES;
				CLANG_WARN_DIRECT_OBJC_ISA_USAGE = YES_ERROR;
				CLANG_WARN_DOCUMENTATION_COMMENTS = YES;
				CLANG_WARN_EMPTY_BODY = YES;
				CLANG_WARN_ENUM_CONVERSION = YES;
				CLANG_WARN_INFINITE_RECURSION = YES;
				CLANG_WARN_INT_CONVERSION = YES;
				CLANG_WARN_NON_LITERAL_NULL_CONVERSION = YES;
				CLANG_WARN_OBJC_IMPLICIT_RETAIN_SELF = YES;
				CLANG_WARN_OBJC_LITERAL_CONVERSION = YES;
				CLANG_WARN_OBJC_ROOT_CLASS = YES_ERROR;
				CLANG_WARN_QUOTED_INCLUDE_IN_FRAMEWORK_HEADER = YES;
				CLANG_WARN_RANGE_LOOP_ANALYSIS = YES;
				CLANG_WARN_STRICT_PROTOTYPES = YES;
				CLANG_WARN_SUSPICIOUS_MOVE = YES;
				CLANG_WARN_UNGUARDED_AVAILABILITY = YES_AGGRESSIVE;
				CLANG_WARN_UNREACHABLE_CODE = YES;
				CLANG_WARN__DUPLICATE_METHOD_MATCH = YES;
				COPY_PHASE_STRIP = NO;
				DEBUG_INFORMATION_FORMAT = dwarf;
				ENABLE_STRICT_OBJC_MSGSEND = YES;
				ENABLE_TESTABILITY = YES;
				ENABLE_USER_SCRIPT_SANDBOXING = YES;
				GCC_C_LANGUAGE_STANDARD = gnu17;
				GCC_DYNAMIC_NO_PIC = NO;
				GCC_NO_COMMON_BLOCKS = YES;
				GCC_OPTIMIZATION_LEVEL = 0;
				GCC_PREPROCESSOR_DEFINITIONS = (
					"DEBUG=1",
					"$(inherited)",
				);
				GCC_WARN_64_TO_32_BIT_CONVERSION = YES;
				GCC_WARN_ABOUT_RETURN_TYPE = YES_ERROR;
				GCC_WARN_UNDECLARED_SELECTOR = YES;
				GCC_WARN_UNINITIALIZED_AUTOS = YES_AGGRESSIVE;
				GCC_WARN_UNUSED_FUNCTION = YES;
				GCC_WARN_UNUSED_VARIABLE = YES;
				LOCALIZATION_PREFERS_STRING_CATALOGS = YES;
				MTL_ENABLE_DEBUG_INFO = INCLUDE_SOURCE;
				MTL_FAST_MATH = YES;
				ONLY_ACTIVE_ARCH = YES;
				SWIFT_ACTIVE_COMPILATION_CONDITIONS = "DEBUG $(inherited)";
				SWIFT_OPTIMIZATION_LEVEL = "-Onone";
			};
			name = Debug;
		};
		AC0DF48B2B5AA713007A284C /* Release */ = {
			isa = XCBuildConfiguration;
			buildSettings = {
				ALWAYS_SEARCH_USER_PATHS = NO;
				ASSETCATALOG_COMPILER_GENERATE_SWIFT_ASSET_SYMBOL_EXTENSIONS = YES;
				CLANG_ANALYZER_NONNULL = YES;
				CLANG_ANALYZER_NUMBER_OBJECT_CONVERSION = YES_AGGRESSIVE;
				CLANG_CXX_LANGUAGE_STANDARD = "gnu++20";
				CLANG_ENABLE_MODULES = YES;
				CLANG_ENABLE_OBJC_ARC = YES;
				CLANG_ENABLE_OBJC_WEAK = YES;
				CLANG_WARN_BLOCK_CAPTURE_AUTORELEASING = YES;
				CLANG_WARN_BOOL_CONVERSION = YES;
				CLANG_WARN_COMMA = YES;
				CLANG_WARN_CONSTANT_CONVERSION = YES;
				CLANG_WARN_DEPRECATED_OBJC_IMPLEMENTATIONS = YES;
				CLANG_WARN_DIRECT_OBJC_ISA_USAGE = YES_ERROR;
				CLANG_WARN_DOCUMENTATION_COMMENTS = YES;
				CLANG_WARN_EMPTY_BODY = YES;
				CLANG_WARN_ENUM_CONVERSION = YES;
				CLANG_WARN_INFINITE_RECURSION = YES;
				CLANG_WARN_INT_CONVERSION = YES;
				CLANG_WARN_NON_LITERAL_NULL_CONVERSION = YES;
				CLANG_WARN_OBJC_IMPLICIT_RETAIN_SELF = YES;
				CLANG_WARN_OBJC_LITERAL_CONVERSION = YES;
				CLANG_WARN_OBJC_ROOT_CLASS = YES_ERROR;
				CLANG_WARN_QUOTED_INCLUDE_IN_FRAMEWORK_HEADER = YES;
				CLANG_WARN_RANGE_LOOP_ANALYSIS = YES;
				CLANG_WARN_STRICT_PROTOTYPES = YES;
				CLANG_WARN_SUSPICIOUS_MOVE = YES;
				CLANG_WARN_UNGUARDED_AVAILABILITY = YES_AGGRESSIVE;
				CLANG_WARN_UNREACHABLE_CODE = YES;
				CLANG_WARN__DUPLICATE_METHOD_MATCH = YES;
				COPY_PHASE_STRIP = NO;
				DEBUG_INFORMATION_FORMAT = "dwarf-with-dsym";
				ENABLE_NS_ASSERTIONS = NO;
				ENABLE_STRICT_OBJC_MSGSEND = YES;
				ENABLE_USER_SCRIPT_SANDBOXING = YES;
				GCC_C_LANGUAGE_STANDARD = gnu17;
				GCC_NO_COMMON_BLOCKS = YES;
				GCC_WARN_64_TO_32_BIT_CONVERSION = YES;
				GCC_WARN_ABOUT_RETURN_TYPE = YES_ERROR;
				GCC_WARN_UNDECLARED_SELECTOR = YES;
				GCC_WARN_UNINITIALIZED_AUTOS = YES_AGGRESSIVE;
				GCC_WARN_UNUSED_FUNCTION = YES;
				GCC_WARN_UNUSED_VARIABLE = YES;
				LOCALIZATION_PREFERS_STRING_CATALOGS = YES;
				MTL_ENABLE_DEBUG_INFO = NO;
				MTL_FAST_MATH = YES;
				SWIFT_COMPILATION_MODE = wholemodule;
			};
			name = Release;
		};
		AC0DF48D2B5AA713007A284C /* Debug */ = {
			isa = XCBuildConfiguration;
			buildSettings = {
				ASSETCATALOG_COMPILER_APPICON_NAME = AppIcon;
				ASSETCATALOG_COMPILER_GLOBAL_ACCENT_COLOR_NAME = AccentColor;
				"CODE_SIGN_IDENTITY[sdk=watchos*]" = "iPhone Developer";
				CODE_SIGN_STYLE = Manual;
				CURRENT_PROJECT_VERSION = 1;
				DEVELOPMENT_ASSET_PATHS = "\"autostop Watch App/Preview Content\"";
				DEVELOPMENT_TEAM = "";
				"DEVELOPMENT_TEAM[sdk=watchos*]" = 7J2NLWJ2Z6;
				ENABLE_PREVIEWS = YES;
				GENERATE_INFOPLIST_FILE = YES;
				INFOPLIST_KEY_CFBundleDisplayName = autostop;
				INFOPLIST_KEY_UISupportedInterfaceOrientations = "UIInterfaceOrientationPortrait UIInterfaceOrientationPortraitUpsideDown";
				INFOPLIST_KEY_WKCompanionAppBundleIdentifier = de.edag.autostop;
				LD_RUNPATH_SEARCH_PATHS = (
					"$(inherited)",
					"@executable_path/Frameworks",
				);
				MARKETING_VERSION = 1.0;
				PRODUCT_BUNDLE_IDENTIFIER = de.edag.autostop.watchkitapp;
				PRODUCT_NAME = "$(TARGET_NAME)";
				PROVISIONING_PROFILE_SPECIFIER = "";
				"PROVISIONING_PROFILE_SPECIFIER[sdk=watchos*]" = "Autostop WatchKit App Development";
				SDKROOT = watchos;
				SKIP_INSTALL = YES;
				SWIFT_EMIT_LOC_STRINGS = YES;
				SWIFT_VERSION = 5.0;
				TARGETED_DEVICE_FAMILY = 4;
				WATCHOS_DEPLOYMENT_TARGET = 10.0;
			};
			name = Debug;
		};
		AC0DF48E2B5AA713007A284C /* Release */ = {
			isa = XCBuildConfiguration;
			buildSettings = {
				ASSETCATALOG_COMPILER_APPICON_NAME = AppIcon;
				ASSETCATALOG_COMPILER_GLOBAL_ACCENT_COLOR_NAME = AccentColor;
				"CODE_SIGN_IDENTITY[sdk=watchos*]" = "iPhone Developer";
				CODE_SIGN_STYLE = Manual;
				CURRENT_PROJECT_VERSION = 1;
				DEVELOPMENT_ASSET_PATHS = "\"autostop Watch App/Preview Content\"";
				DEVELOPMENT_TEAM = "";
				"DEVELOPMENT_TEAM[sdk=watchos*]" = 7J2NLWJ2Z6;
				ENABLE_PREVIEWS = YES;
				GENERATE_INFOPLIST_FILE = YES;
				INFOPLIST_KEY_CFBundleDisplayName = autostop;
				INFOPLIST_KEY_UISupportedInterfaceOrientations = "UIInterfaceOrientationPortrait UIInterfaceOrientationPortraitUpsideDown";
				INFOPLIST_KEY_WKCompanionAppBundleIdentifier = de.edag.autostop;
				LD_RUNPATH_SEARCH_PATHS = (
					"$(inherited)",
					"@executable_path/Frameworks",
				);
				MARKETING_VERSION = 1.0;
				PRODUCT_BUNDLE_IDENTIFIER = de.edag.autostop.watchkitapp;
				PRODUCT_NAME = "$(TARGET_NAME)";
				PROVISIONING_PROFILE_SPECIFIER = "";
				"PROVISIONING_PROFILE_SPECIFIER[sdk=watchos*]" = "Autostop WatchKit App Development";
				SDKROOT = watchos;
				SKIP_INSTALL = YES;
				SWIFT_EMIT_LOC_STRINGS = YES;
				SWIFT_VERSION = 5.0;
				TARGETED_DEVICE_FAMILY = 4;
				VALIDATE_PRODUCT = YES;
				WATCHOS_DEPLOYMENT_TARGET = 10.0;
			};
			name = Release;
		};
		AC0DF4912B5AA713007A284C /* Debug */ = {
			isa = XCBuildConfiguration;
			buildSettings = {
				ALWAYS_EMBED_SWIFT_STANDARD_LIBRARIES = YES;
				ASSETCATALOG_COMPILER_APPICON_NAME = AppIcon;
				ASSETCATALOG_COMPILER_GLOBAL_ACCENT_COLOR_NAME = AccentColor;
				CODE_SIGN_ENTITLEMENTS = autostop/autostop.entitlements;
				"CODE_SIGN_IDENTITY[sdk=iphoneos*]" = "iPhone Developer";
				CODE_SIGN_STYLE = Manual;
				CURRENT_PROJECT_VERSION = 1;
				DEVELOPMENT_ASSET_PATHS = "\"autostop/Preview Content\"";
				DEVELOPMENT_TEAM = "";
				"DEVELOPMENT_TEAM[sdk=iphoneos*]" = 7J2NLWJ2Z6;
				ENABLE_PREVIEWS = YES;
				GENERATE_INFOPLIST_FILE = YES;
				INFOPLIST_KEY_CFBundleDisplayName = autostop;
				INFOPLIST_KEY_NSHealthShareUsageDescription = "Your health data is needed to detect when you fall asleep.";
				INFOPLIST_KEY_NSHealthUpdateUsageDescription = "Your health data is needed to detect when you fall asleep.";
				INFOPLIST_KEY_UIApplicationSceneManifest_Generation = YES;
				INFOPLIST_KEY_UIApplicationSupportsIndirectInputEvents = YES;
				INFOPLIST_KEY_UILaunchScreen_Generation = YES;
				IPHONEOS_DEPLOYMENT_TARGET = 17.0;
				LD_RUNPATH_SEARCH_PATHS = (
					"$(inherited)",
					"@executable_path/Frameworks",
				);
				MARKETING_VERSION = 1.0;
				PRODUCT_BUNDLE_IDENTIFIER = de.edag.autostop;
				PRODUCT_NAME = "$(TARGET_NAME)";
				PROVISIONING_PROFILE_SPECIFIER = "";
				"PROVISIONING_PROFILE_SPECIFIER[sdk=iphoneos*]" = "Autostop Development";
				SDKROOT = iphoneos;
				SUPPORTED_PLATFORMS = "iphoneos iphonesimulator";
				SUPPORTS_MACCATALYST = NO;
				SUPPORTS_MAC_DESIGNED_FOR_IPHONE_IPAD = NO;
				SWIFT_EMIT_LOC_STRINGS = YES;
				SWIFT_VERSION = 5.0;
				TARGETED_DEVICE_FAMILY = "1,2";
			};
			name = Debug;
		};
		AC0DF4922B5AA713007A284C /* Release */ = {
			isa = XCBuildConfiguration;
			buildSettings = {
				ALWAYS_EMBED_SWIFT_STANDARD_LIBRARIES = YES;
				ASSETCATALOG_COMPILER_APPICON_NAME = AppIcon;
				ASSETCATALOG_COMPILER_GLOBAL_ACCENT_COLOR_NAME = AccentColor;
				CODE_SIGN_ENTITLEMENTS = autostop/autostop.entitlements;
				"CODE_SIGN_IDENTITY[sdk=iphoneos*]" = "iPhone Developer";
				CODE_SIGN_STYLE = Manual;
				CURRENT_PROJECT_VERSION = 1;
				DEVELOPMENT_ASSET_PATHS = "\"autostop/Preview Content\"";
				DEVELOPMENT_TEAM = "";
				"DEVELOPMENT_TEAM[sdk=iphoneos*]" = 7J2NLWJ2Z6;
				ENABLE_PREVIEWS = YES;
				GENERATE_INFOPLIST_FILE = YES;
				INFOPLIST_KEY_CFBundleDisplayName = autostop;
				INFOPLIST_KEY_NSHealthShareUsageDescription = "Your health data is needed to detect when you fall asleep.";
				INFOPLIST_KEY_NSHealthUpdateUsageDescription = "Your health data is needed to detect when you fall asleep.";
				INFOPLIST_KEY_UIApplicationSceneManifest_Generation = YES;
				INFOPLIST_KEY_UIApplicationSupportsIndirectInputEvents = YES;
				INFOPLIST_KEY_UILaunchScreen_Generation = YES;
				IPHONEOS_DEPLOYMENT_TARGET = 17.0;
				LD_RUNPATH_SEARCH_PATHS = (
					"$(inherited)",
					"@executable_path/Frameworks",
				);
				MARKETING_VERSION = 1.0;
				PRODUCT_BUNDLE_IDENTIFIER = de.edag.autostop;
				PRODUCT_NAME = "$(TARGET_NAME)";
				PROVISIONING_PROFILE_SPECIFIER = "";
				"PROVISIONING_PROFILE_SPECIFIER[sdk=iphoneos*]" = "Autostop Development";
				SDKROOT = iphoneos;
				SUPPORTED_PLATFORMS = "iphoneos iphonesimulator";
				SUPPORTS_MACCATALYST = NO;
				SUPPORTS_MAC_DESIGNED_FOR_IPHONE_IPAD = NO;
				SWIFT_EMIT_LOC_STRINGS = YES;
				SWIFT_VERSION = 5.0;
				TARGETED_DEVICE_FAMILY = "1,2";
				VALIDATE_PRODUCT = YES;
			};
			name = Release;
		};
		AC0DF4942B5AA713007A284C /* Debug */ = {
			isa = XCBuildConfiguration;
			buildSettings = {
				ALWAYS_EMBED_SWIFT_STANDARD_LIBRARIES = YES;
				BUNDLE_LOADER = "$(TEST_HOST)";
				CODE_SIGN_STYLE = Automatic;
				CURRENT_PROJECT_VERSION = 1;
				DEVELOPMENT_TEAM = 7J2NLWJ2Z6;
				GENERATE_INFOPLIST_FILE = YES;
				IPHONEOS_DEPLOYMENT_TARGET = 17.0;
				MARKETING_VERSION = 1.0;
				PRODUCT_BUNDLE_IDENTIFIER = de.edag.autostopTests;
				PRODUCT_NAME = "$(TARGET_NAME)";
				SDKROOT = iphoneos;
				SUPPORTED_PLATFORMS = "iphoneos iphonesimulator";
				SUPPORTS_MACCATALYST = NO;
				SUPPORTS_MAC_DESIGNED_FOR_IPHONE_IPAD = NO;
				SWIFT_EMIT_LOC_STRINGS = NO;
				SWIFT_VERSION = 5.0;
				TARGETED_DEVICE_FAMILY = 1;
				TEST_HOST = "$(BUILT_PRODUCTS_DIR)/autostop.app/$(BUNDLE_EXECUTABLE_FOLDER_PATH)/autostop";
			};
			name = Debug;
		};
		AC0DF4952B5AA713007A284C /* Release */ = {
			isa = XCBuildConfiguration;
			buildSettings = {
				ALWAYS_EMBED_SWIFT_STANDARD_LIBRARIES = YES;
				BUNDLE_LOADER = "$(TEST_HOST)";
				CODE_SIGN_STYLE = Automatic;
				CURRENT_PROJECT_VERSION = 1;
				DEVELOPMENT_TEAM = 7J2NLWJ2Z6;
				GENERATE_INFOPLIST_FILE = YES;
				IPHONEOS_DEPLOYMENT_TARGET = 17.0;
				MARKETING_VERSION = 1.0;
				PRODUCT_BUNDLE_IDENTIFIER = de.edag.autostopTests;
				PRODUCT_NAME = "$(TARGET_NAME)";
				SDKROOT = iphoneos;
				SUPPORTED_PLATFORMS = "iphoneos iphonesimulator";
				SUPPORTS_MACCATALYST = NO;
				SUPPORTS_MAC_DESIGNED_FOR_IPHONE_IPAD = NO;
				SWIFT_EMIT_LOC_STRINGS = NO;
				SWIFT_VERSION = 5.0;
				TARGETED_DEVICE_FAMILY = 1;
				TEST_HOST = "$(BUILT_PRODUCTS_DIR)/autostop.app/$(BUNDLE_EXECUTABLE_FOLDER_PATH)/autostop";
				VALIDATE_PRODUCT = YES;
			};
			name = Release;
		};
		AC0DF4972B5AA713007A284C /* Debug */ = {
			isa = XCBuildConfiguration;
			buildSettings = {
				ALWAYS_EMBED_SWIFT_STANDARD_LIBRARIES = YES;
				CODE_SIGN_STYLE = Automatic;
				CURRENT_PROJECT_VERSION = 1;
				DEVELOPMENT_TEAM = 7J2NLWJ2Z6;
				GENERATE_INFOPLIST_FILE = YES;
				IPHONEOS_DEPLOYMENT_TARGET = 17.0;
				MARKETING_VERSION = 1.0;
				PRODUCT_BUNDLE_IDENTIFIER = de.edag.autostopUITests;
				PRODUCT_NAME = "$(TARGET_NAME)";
				SDKROOT = iphoneos;
				SUPPORTED_PLATFORMS = "iphoneos iphonesimulator";
				SUPPORTS_MACCATALYST = NO;
				SUPPORTS_MAC_DESIGNED_FOR_IPHONE_IPAD = NO;
				SWIFT_EMIT_LOC_STRINGS = NO;
				SWIFT_VERSION = 5.0;
				TARGETED_DEVICE_FAMILY = 1;
				TEST_TARGET_NAME = autostop;
			};
			name = Debug;
		};
		AC0DF4982B5AA713007A284C /* Release */ = {
			isa = XCBuildConfiguration;
			buildSettings = {
				ALWAYS_EMBED_SWIFT_STANDARD_LIBRARIES = YES;
				CODE_SIGN_STYLE = Automatic;
				CURRENT_PROJECT_VERSION = 1;
				DEVELOPMENT_TEAM = 7J2NLWJ2Z6;
				GENERATE_INFOPLIST_FILE = YES;
				IPHONEOS_DEPLOYMENT_TARGET = 17.0;
				MARKETING_VERSION = 1.0;
				PRODUCT_BUNDLE_IDENTIFIER = de.edag.autostopUITests;
				PRODUCT_NAME = "$(TARGET_NAME)";
				SDKROOT = iphoneos;
				SUPPORTED_PLATFORMS = "iphoneos iphonesimulator";
				SUPPORTS_MACCATALYST = NO;
				SUPPORTS_MAC_DESIGNED_FOR_IPHONE_IPAD = NO;
				SWIFT_EMIT_LOC_STRINGS = NO;
				SWIFT_VERSION = 5.0;
				TARGETED_DEVICE_FAMILY = 1;
				TEST_TARGET_NAME = autostop;
				VALIDATE_PRODUCT = YES;
			};
			name = Release;
		};
		AC0DF49A2B5AA713007A284C /* Debug */ = {
			isa = XCBuildConfiguration;
			buildSettings = {
				ALWAYS_EMBED_SWIFT_STANDARD_LIBRARIES = YES;
				BUNDLE_LOADER = "$(TEST_HOST)";
				CODE_SIGN_STYLE = Automatic;
				CURRENT_PROJECT_VERSION = 1;
				DEVELOPMENT_TEAM = 7J2NLWJ2Z6;
				GENERATE_INFOPLIST_FILE = YES;
				MARKETING_VERSION = 1.0;
				PRODUCT_BUNDLE_IDENTIFIER = "de.edag.autostop-Watch-AppTests";
				PRODUCT_NAME = "$(TARGET_NAME)";
				SDKROOT = watchos;
				SWIFT_EMIT_LOC_STRINGS = NO;
				SWIFT_VERSION = 5.0;
				TARGETED_DEVICE_FAMILY = 4;
				TEST_HOST = "$(BUILT_PRODUCTS_DIR)/autostop Watch App.app/$(BUNDLE_EXECUTABLE_FOLDER_PATH)/autostop Watch App";
				WATCHOS_DEPLOYMENT_TARGET = 10.0;
			};
			name = Debug;
		};
		AC0DF49B2B5AA713007A284C /* Release */ = {
			isa = XCBuildConfiguration;
			buildSettings = {
				ALWAYS_EMBED_SWIFT_STANDARD_LIBRARIES = YES;
				BUNDLE_LOADER = "$(TEST_HOST)";
				CODE_SIGN_STYLE = Automatic;
				CURRENT_PROJECT_VERSION = 1;
				DEVELOPMENT_TEAM = 7J2NLWJ2Z6;
				GENERATE_INFOPLIST_FILE = YES;
				MARKETING_VERSION = 1.0;
				PRODUCT_BUNDLE_IDENTIFIER = "de.edag.autostop-Watch-AppTests";
				PRODUCT_NAME = "$(TARGET_NAME)";
				SDKROOT = watchos;
				SWIFT_EMIT_LOC_STRINGS = NO;
				SWIFT_VERSION = 5.0;
				TARGETED_DEVICE_FAMILY = 4;
				TEST_HOST = "$(BUILT_PRODUCTS_DIR)/autostop Watch App.app/$(BUNDLE_EXECUTABLE_FOLDER_PATH)/autostop Watch App";
				VALIDATE_PRODUCT = YES;
				WATCHOS_DEPLOYMENT_TARGET = 10.0;
			};
			name = Release;
		};
		AC0DF49D2B5AA713007A284C /* Debug */ = {
			isa = XCBuildConfiguration;
			buildSettings = {
				ALWAYS_EMBED_SWIFT_STANDARD_LIBRARIES = YES;
				CODE_SIGN_STYLE = Automatic;
				CURRENT_PROJECT_VERSION = 1;
				DEVELOPMENT_TEAM = 7J2NLWJ2Z6;
				GENERATE_INFOPLIST_FILE = YES;
				MARKETING_VERSION = 1.0;
				PRODUCT_BUNDLE_IDENTIFIER = "de.edag.autostop-Watch-AppUITests";
				PRODUCT_NAME = "$(TARGET_NAME)";
				SDKROOT = watchos;
				SWIFT_EMIT_LOC_STRINGS = NO;
				SWIFT_VERSION = 5.0;
				TARGETED_DEVICE_FAMILY = 4;
				TEST_TARGET_NAME = "autostop Watch App";
				WATCHOS_DEPLOYMENT_TARGET = 10.0;
			};
			name = Debug;
		};
		AC0DF49E2B5AA713007A284C /* Release */ = {
			isa = XCBuildConfiguration;
			buildSettings = {
				ALWAYS_EMBED_SWIFT_STANDARD_LIBRARIES = YES;
				CODE_SIGN_STYLE = Automatic;
				CURRENT_PROJECT_VERSION = 1;
				DEVELOPMENT_TEAM = 7J2NLWJ2Z6;
				GENERATE_INFOPLIST_FILE = YES;
				MARKETING_VERSION = 1.0;
				PRODUCT_BUNDLE_IDENTIFIER = "de.edag.autostop-Watch-AppUITests";
				PRODUCT_NAME = "$(TARGET_NAME)";
				SDKROOT = watchos;
				SWIFT_EMIT_LOC_STRINGS = NO;
				SWIFT_VERSION = 5.0;
				TARGETED_DEVICE_FAMILY = 4;
				TEST_TARGET_NAME = "autostop Watch App";
				VALIDATE_PRODUCT = YES;
				WATCHOS_DEPLOYMENT_TARGET = 10.0;
			};
			name = Release;
		};
/* End XCBuildConfiguration section */

/* Begin XCConfigurationList section */
		AC0DF43B2B5AA707007A284C /* Build configuration list for PBXProject "autostop" */ = {
			isa = XCConfigurationList;
			buildConfigurations = (
				AC0DF48A2B5AA713007A284C /* Debug */,
				AC0DF48B2B5AA713007A284C /* Release */,
			);
			defaultConfigurationIsVisible = 0;
			defaultConfigurationName = Release;
		};
		AC0DF48C2B5AA713007A284C /* Build configuration list for PBXNativeTarget "autostop Watch App" */ = {
			isa = XCConfigurationList;
			buildConfigurations = (
				AC0DF48D2B5AA713007A284C /* Debug */,
				AC0DF48E2B5AA713007A284C /* Release */,
			);
			defaultConfigurationIsVisible = 0;
			defaultConfigurationName = Release;
		};
		AC0DF4902B5AA713007A284C /* Build configuration list for PBXNativeTarget "autostop" */ = {
			isa = XCConfigurationList;
			buildConfigurations = (
				AC0DF4912B5AA713007A284C /* Debug */,
				AC0DF4922B5AA713007A284C /* Release */,
			);
			defaultConfigurationIsVisible = 0;
			defaultConfigurationName = Release;
		};
		AC0DF4932B5AA713007A284C /* Build configuration list for PBXNativeTarget "autostopTests" */ = {
			isa = XCConfigurationList;
			buildConfigurations = (
				AC0DF4942B5AA713007A284C /* Debug */,
				AC0DF4952B5AA713007A284C /* Release */,
			);
			defaultConfigurationIsVisible = 0;
			defaultConfigurationName = Release;
		};
		AC0DF4962B5AA713007A284C /* Build configuration list for PBXNativeTarget "autostopUITests" */ = {
			isa = XCConfigurationList;
			buildConfigurations = (
				AC0DF4972B5AA713007A284C /* Debug */,
				AC0DF4982B5AA713007A284C /* Release */,
			);
			defaultConfigurationIsVisible = 0;
			defaultConfigurationName = Release;
		};
		AC0DF4992B5AA713007A284C /* Build configuration list for PBXNativeTarget "autostop Watch AppTests" */ = {
			isa = XCConfigurationList;
			buildConfigurations = (
				AC0DF49A2B5AA713007A284C /* Debug */,
				AC0DF49B2B5AA713007A284C /* Release */,
			);
			defaultConfigurationIsVisible = 0;
			defaultConfigurationName = Release;
		};
		AC0DF49C2B5AA713007A284C /* Build configuration list for PBXNativeTarget "autostop Watch AppUITests" */ = {
			isa = XCConfigurationList;
			buildConfigurations = (
				AC0DF49D2B5AA713007A284C /* Debug */,
				AC0DF49E2B5AA713007A284C /* Release */,
			);
			defaultConfigurationIsVisible = 0;
			defaultConfigurationName = Release;
		};
/* End XCConfigurationList section */
	};
	rootObject = AC0DF4382B5AA707007A284C /* Project object */;
}
